
Microsoft Visual Studio Solution File, Format Version 12.00
# Visual Studio Version 16
VisualStudioVersion = 16.0.30804.86
MinimumVisualStudioVersion = 10.0.40219.1
Project("{FAE04EC0-301F-11D3-BF4B-00C04F79EFBC}") = "NYP", "NYP\NYP.csproj", "{34AA5F1B-8633-4CA5-A6EF-0AEA7E1FB28F}"
EndProject
Global
	GlobalSection(SolutionConfigurationPlatforms) = preSolution
		Debug|Any CPU = Debug|Any CPU
		Release|Any CPU = Release|Any CPU
	EndGlobalSection
	GlobalSection(ProjectConfigurationPlatforms) = postSolution
		{34AA5F1B-8633-4CA5-A6EF-0AEA7E1FB28F}.Debug|Any CPU.ActiveCfg = Debug|Any CPU
		{34AA5F1B-8633-4CA5-A6EF-0AEA7E1FB28F}.Debug|Any CPU.Build.0 = Debug|Any CPU
		{34AA5F1B-8633-4CA5-A6EF-0AEA7E1FB28F}.Release|Any CPU.ActiveCfg = Release|Any CPU
		{34AA5F1B-8633-4CA5-A6EF-0AEA7E1FB28F}.Release|Any CPU.Build.0 = Release|Any CPU
	EndGlobalSection
	GlobalSection(SolutionProperties) = preSolution
		HideSolutionNode = FALSE
	EndGlobalSection
	GlobalSection(ExtensibilityGlobals) = postSolution
		SolutionGuid = {3264ED03-6557-48A8-A054-9D7BD4310BF2}
	EndGlobalSection
EndGlobal
